{
  "version": "5",
  "specifiers": {
    "npm:@kisaragi-hiu/cached-fetch@*": "0.1.2",
    "npm:@types/node@*": "24.2.0",
    "npm:ansi-escapes@*": "7.1.1",
    "npm:commander@*": "14.0.1",
    "npm:fast-xml-parser@*": "5.2.5",
    "npm:zod@*": "4.1.11",
    "npm:zx@*": "8.8.3"
  },
  "npm": {
    "@kisaragi-hiu/cached-fetch@0.1.2": {
      "integrity": "sha512-N1egRSv4xmgNhzhh0xxL5Zab8q+XPL6GUh+93nvZiRt0ZAJtRmRswm0Bbp3Tu95AHbVvPB9GGKsHLJmzGaHGCA=="
    },
    "@types/node@24.2.0": {
      "integrity": "sha512-3xyG3pMCq3oYCNg7/ZP+E1ooTaGB4cG8JWRsqqOYQdbWNY4zbaV0Ennrd7stjiJEFZCaybcIgpTjJWHRfBSIDw==",
      "dependencies": [
        "undici-types"
      ]
    },
    "ansi-escapes@7.1.1": {
      "integrity": "sha512-Zhl0ErHcSRUaVfGUeUdDuLgpkEo8KIFjB4Y9uAc46ScOpdDiU1Dbyplh7qWJeJ/ZHpbyMSM26+X3BySgnIz40Q==",
      "dependencies": [
        "environment"
      ]
    },
    "commander@14.0.1": {
      "integrity": "sha512-2JkV3gUZUVrbNA+1sjBOYLsMZ5cEEl8GTFP2a4AVz5hvasAMCQ1D2l2le/cX+pV4N6ZU17zjUahLpIXRrnWL8A=="
    },
    "environment@1.1.0": {
      "integrity": "sha512-xUtoPkMggbz0MPyPiIWr1Kp4aeWJjDZ6SMvURhimjdZgsRuDplF5/s9hcgGhyXMhs+6vpnuoiZ2kFiu3FMnS8Q=="
    },
    "fast-xml-parser@5.2.5": {
      "integrity": "sha512-pfX9uG9Ki0yekDHx2SiuRIyFdyAr1kMIMitPvb0YBo8SUfKvia7w7FIyd/l6av85pFYRhZscS75MwMnbvY+hcQ==",
      "dependencies": [
        "strnum"
      ],
      "bin": true
    },
    "strnum@2.1.1": {
      "integrity": "sha512-7ZvoFTiCnGxBtDqJ//Cu6fWtZtc7Y3x+QOirG15wztbdngGSkht27o2pyGWrVy0b4WAy3jbKmnoK6g5VlVNUUw=="
    },
    "undici-types@7.10.0": {
      "integrity": "sha512-t5Fy/nfn+14LuOc2KNYg75vZqClpAiqscVvMygNnlsHBFpSXdJaYtXMcdNLpl/Qvc3P2cB3s6lOV51nqsFq4ag=="
    },
    "zod@4.1.11": {
      "integrity": "sha512-WPsqwxITS2tzx1bzhIKsEs19ABD5vmCVa4xBo2tq/SrV4RNZtfws1EnCWQXM6yh8bD08a1idvkB5MZSBiZsjwg=="
    },
    "zx@8.8.3": {
      "integrity": "sha512-8GWaBTVU6wzTdqO0v5qwGMUFLCYduW7UUxaliRD+FXGRfYM8KLDGL93idbdGFLomHDi18ZxCfhAJqYZB8rJNvw==",
      "bin": true
    }
  }
}
