{
  "version": "4",
  "specifiers": {
    "npm:date-fns@*": "4.1.0",
    "npm:fast-xml-parser@*": "5.2.5",
    "npm:terminal-link@*": "4.0.0",
    "npm:zod@*": "4.0.15",
    "npm:zx@*": "8.8.0"
  },
  "npm": {
    "ansi-escapes@7.0.0": {
      "integrity": "sha512-GdYO7a61mR0fOlAsvC9/rIHf7L96sBc6dEWzeOu+KAea5bZyQRPIpojrVoI4AXGJS/ycu/fBTdLrUkA4ODrvjw==",
      "dependencies": [
        "environment"
      ]
    },
    "date-fns@4.1.0": {
      "integrity": "sha512-Ukq0owbQXxa/U3EGtsdVBkR1w7KOQ5gIBqdH2hkvknzZPYvBxb/aa6E8L7tmjFtkwZBu3UXBbjIgPo/Ez4xaNg=="
    },
    "environment@1.1.0": {
      "integrity": "sha512-xUtoPkMggbz0MPyPiIWr1Kp4aeWJjDZ6SMvURhimjdZgsRuDplF5/s9hcgGhyXMhs+6vpnuoiZ2kFiu3FMnS8Q=="
    },
    "fast-xml-parser@5.2.5": {
      "integrity": "sha512-pfX9uG9Ki0yekDHx2SiuRIyFdyAr1kMIMitPvb0YBo8SUfKvia7w7FIyd/l6av85pFYRhZscS75MwMnbvY+hcQ==",
      "dependencies": [
        "strnum"
      ]
    },
    "has-flag@4.0.0": {
      "integrity": "sha512-EykJT/Q1KjTWctppgIAgfSO0tKVuZUjhgMr17kqTumMl6Afv3EISleU7qZUzoXDFTAHTDC4NOoG/ZxU3EvlMPQ=="
    },
    "strnum@2.1.1": {
      "integrity": "sha512-7ZvoFTiCnGxBtDqJ//Cu6fWtZtc7Y3x+QOirG15wztbdngGSkht27o2pyGWrVy0b4WAy3jbKmnoK6g5VlVNUUw=="
    },
    "supports-color@7.2.0": {
      "integrity": "sha512-qpCAvRl9stuOHveKsn7HncJRvv501qIacKzQlO/+Lwxc9+0q2wLyv4Dfvt80/DPn2pqOBsJdDiogXGR9+OvwRw==",
      "dependencies": [
        "has-flag"
      ]
    },
    "supports-hyperlinks@3.2.0": {
      "integrity": "sha512-zFObLMyZeEwzAoKCyu1B91U79K2t7ApXuQfo8OuxwXLDgcKxuwM+YvcbIhm6QWqz7mHUH1TVytR1PwVVjEuMig==",
      "dependencies": [
        "has-flag",
        "supports-color"
      ]
    },
    "terminal-link@4.0.0": {
      "integrity": "sha512-lk+vH+MccxNqgVqSnkMVKx4VLJfnLjDBGzH16JVZjKE2DoxP57s6/vt6JmXV5I3jBcfGrxNrYtC+mPtU7WJztA==",
      "dependencies": [
        "ansi-escapes",
        "supports-hyperlinks"
      ]
    },
    "zod@4.0.15": {
      "integrity": "sha512-2IVHb9h4Mt6+UXkyMs0XbfICUh1eUrlJJAOupBHUhLRnKkruawyDddYRCs0Eizt900ntIMk9/4RksYl+FgSpcQ=="
    },
    "zx@8.8.0": {
      "integrity": "sha512-v0VZXgSHusDvTtZROno3Ws8xkE1uNSSwH/yF8Fm+ZwBrYhr+bRNNpsnTJ32eR/t6umc7lAz5WqdP800ugW9zFA=="
    }
  }
}
